
Microsoft Visual Studio Solution File, Format Version 12.00
# Visual Studio Version 17
VisualStudioVersion = 17.12.35707.178 d17.12
MinimumVisualStudioVersion = 10.0.40219.1
Project("{FAE04EC0-301F-11D3-BF4B-00C04F79EFBC}") = "dotnetMVC", "dotnetMVC\dotnetMVC.csproj", "{05D1E752-1769-40B4-BF0B-7EAE1D6EA99A}"
EndProject
Project("{FAE04EC0-301F-11D3-BF4B-00C04F79EFBC}") = "dontnetMVCtest", "dontnetMVCtest\dontnetMVCtest.csproj", "{A2CA1809-0B50-41DE-ADD8-46FD880C810C}"
EndProject
Global
	GlobalSection(SolutionConfigurationPlatforms) = preSolution
		Debug|Any CPU = Debug|Any CPU
		Release|Any CPU = Release|Any CPU
	EndGlobalSection
	GlobalSection(ProjectConfigurationPlatforms) = postSolution
		{05D1E752-1769-40B4-BF0B-7EAE1D6EA99A}.Debug|Any CPU.ActiveCfg = Debug|Any CPU
		{05D1E752-1769-40B4-BF0B-7EAE1D6EA99A}.Debug|Any CPU.Build.0 = Debug|Any CPU
		{05D1E752-1769-40B4-BF0B-7EAE1D6EA99A}.Release|Any CPU.ActiveCfg = Release|Any CPU
		{05D1E752-1769-40B4-BF0B-7EAE1D6EA99A}.Release|Any CPU.Build.0 = Release|Any CPU
		{A2CA1809-0B50-41DE-ADD8-46FD880C810C}.Debug|Any CPU.ActiveCfg = Debug|Any CPU
		{A2CA1809-0B50-41DE-ADD8-46FD880C810C}.Debug|Any CPU.Build.0 = Debug|Any CPU
		{A2CA1809-0B50-41DE-ADD8-46FD880C810C}.Release|Any CPU.ActiveCfg = Release|Any CPU
		{A2CA1809-0B50-41DE-ADD8-46FD880C810C}.Release|Any CPU.Build.0 = Release|Any CPU
	EndGlobalSection
	GlobalSection(SolutionProperties) = preSolution
		HideSolutionNode = FALSE
	EndGlobalSection
EndGlobal
